
Microsoft Visual Studio Solution File, Format Version 12.00
# Visual Studio Version 17
VisualStudioVersion = 17.9.34622.214
MinimumVisualStudioVersion = 10.0.40219.1
Project("{9A19103F-16F7-4668-BE54-9A1E7A4F7556}") = "Server", "Server\Server.csproj", "{0D2BDC97-4703-482A-97AB-522110BA9998}"
EndProject
Project("{9A19103F-16F7-4668-BE54-9A1E7A4F7556}") = "Client", "Client\Client.csproj", "{4BD8C34F-EC05-4A65-ABD8-53BE2C2B3073}"
EndProject
Project("{9A19103F-16F7-4668-BE54-9A1E7A4F7556}") = "BaseLibrary", "BaseLibrary\BaseLibrary.csproj", "{5BAE6CBF-6359-4873-A6BA-13DDD1EB6C5A}"
EndProject
Project("{9A19103F-16F7-4668-BE54-9A1E7A4F7556}") = "ClientLibrary", "ClientLibrary\ClientLibrary.csproj", "{82AAC151-D54D-4891-9644-F47057600069}"
EndProject
Project("{9A19103F-16F7-4668-BE54-9A1E7A4F7556}") = "ServerLibrary", "ServerLibrary\ServerLibrary.csproj", "{35EC274C-0A1A-420E-B1B1-E206C42E2385}"
EndProject
Global
	GlobalSection(SolutionConfigurationPlatforms) = preSolution
		Debug|Any CPU = Debug|Any CPU
		Release|Any CPU = Release|Any CPU
	EndGlobalSection
	GlobalSection(ProjectConfigurationPlatforms) = postSolution
		{0D2BDC97-4703-482A-97AB-522110BA9998}.Debug|Any CPU.ActiveCfg = Debug|Any CPU
		{0D2BDC97-4703-482A-97AB-522110BA9998}.Debug|Any CPU.Build.0 = Debug|Any CPU
		{0D2BDC97-4703-482A-97AB-522110BA9998}.Release|Any CPU.ActiveCfg = Release|Any CPU
		{0D2BDC97-4703-482A-97AB-522110BA9998}.Release|Any CPU.Build.0 = Release|Any CPU
		{4BD8C34F-EC05-4A65-ABD8-53BE2C2B3073}.Debug|Any CPU.ActiveCfg = Debug|Any CPU
		{4BD8C34F-EC05-4A65-ABD8-53BE2C2B3073}.Debug|Any CPU.Build.0 = Debug|Any CPU
		{4BD8C34F-EC05-4A65-ABD8-53BE2C2B3073}.Release|Any CPU.ActiveCfg = Release|Any CPU
		{4BD8C34F-EC05-4A65-ABD8-53BE2C2B3073}.Release|Any CPU.Build.0 = Release|Any CPU
		{5BAE6CBF-6359-4873-A6BA-13DDD1EB6C5A}.Debug|Any CPU.ActiveCfg = Debug|Any CPU
		{5BAE6CBF-6359-4873-A6BA-13DDD1EB6C5A}.Debug|Any CPU.Build.0 = Debug|Any CPU
		{5BAE6CBF-6359-4873-A6BA-13DDD1EB6C5A}.Release|Any CPU.ActiveCfg = Release|Any CPU
		{5BAE6CBF-6359-4873-A6BA-13DDD1EB6C5A}.Release|Any CPU.Build.0 = Release|Any CPU
		{82AAC151-D54D-4891-9644-F47057600069}.Debug|Any CPU.ActiveCfg = Debug|Any CPU
		{82AAC151-D54D-4891-9644-F47057600069}.Debug|Any CPU.Build.0 = Debug|Any CPU
		{82AAC151-D54D-4891-9644-F47057600069}.Release|Any CPU.ActiveCfg = Release|Any CPU
		{82AAC151-D54D-4891-9644-F47057600069}.Release|Any CPU.Build.0 = Release|Any CPU
		{35EC274C-0A1A-420E-B1B1-E206C42E2385}.Debug|Any CPU.ActiveCfg = Debug|Any CPU
		{35EC274C-0A1A-420E-B1B1-E206C42E2385}.Debug|Any CPU.Build.0 = Debug|Any CPU
		{35EC274C-0A1A-420E-B1B1-E206C42E2385}.Release|Any CPU.ActiveCfg = Release|Any CPU
		{35EC274C-0A1A-420E-B1B1-E206C42E2385}.Release|Any CPU.Build.0 = Release|Any CPU
	EndGlobalSection
	GlobalSection(SolutionProperties) = preSolution
		HideSolutionNode = FALSE
	EndGlobalSection
	GlobalSection(ExtensibilityGlobals) = postSolution
		SolutionGuid = {89CB624E-2CD3-4EA4-BD25-926D6F18EA69}
	EndGlobalSection
EndGlobal
